Microsoft Visual Studio Solution File, Format Version 12.00
# Visual Studio Version 17
VisualStudioVersion = 17.5.2.0
MinimumVisualStudioVersion = 10.0.40219.1
Project("{2150E333-8FDC-42A3-9474-1A3956D46DE8}") = "Gestione di un giornale", "Gestione di un giornale", "{AEBE79A9-6E4D-7A63-5A25-C298F060435F}"
EndProject
Project("{FAE04EC0-301F-11D3-BF4B-00C04F79EFBC}") = "GestioneGiornale", "Gestione di un giornale\GestioneGiornale\GestioneGiornale.csproj", "{66E945DB-9144-342E-8E4F-594078535303}"
EndProject
Global
	GlobalSection(SolutionConfigurationPlatforms) = preSolution
		Debug|Any CPU = Debug|Any CPU
		Release|Any CPU = Release|Any CPU
	EndGlobalSection
	GlobalSection(ProjectConfigurationPlatforms) = postSolution
		{66E945DB-9144-342E-8E4F-594078535303}.Debug|Any CPU.ActiveCfg = Debug|Any CPU
		{66E945DB-9144-342E-8E4F-594078535303}.Debug|Any CPU.Build.0 = Debug|Any CPU
		{66E945DB-9144-342E-8E4F-594078535303}.Release|Any CPU.ActiveCfg = Release|Any CPU
		{66E945DB-9144-342E-8E4F-594078535303}.Release|Any CPU.Build.0 = Release|Any CPU
	EndGlobalSection
	GlobalSection(SolutionProperties) = preSolution
		HideSolutionNode = FALSE
	EndGlobalSection
	GlobalSection(NestedProjects) = preSolution
		{66E945DB-9144-342E-8E4F-594078535303} = {AEBE79A9-6E4D-7A63-5A25-C298F060435F}
	EndGlobalSection
	GlobalSection(ExtensibilityGlobals) = postSolution
		SolutionGuid = {FC73FBD1-1C4D-4036-A835-D11736DAA681}
	EndGlobalSection
EndGlobal
